
Microsoft Visual Studio Solution File, Format Version 12.00
# Visual Studio Version 17
VisualStudioVersion = 17.12.35728.132 d17.12
MinimumVisualStudioVersion = 10.0.40219.1
Project("{FAE04EC0-301F-11D3-BF4B-00C04F79EFBC}") = "ECommerceApp.WebUI", "ECommerceApp.WebUI.csproj", "{60C11019-D111-49B6-9417-C62FEF0FF37C}"
EndProject
Project("{FAE04EC0-301F-11D3-BF4B-00C04F79EFBC}") = "ECommerce.Core", "..\ECommerceCore\ECommerce.Core.csproj", "{EDDE935E-E248-4D54-AD01-084116546533}"
EndProject
Project("{FAE04EC0-301F-11D3-BF4B-00C04F79EFBC}") = "ECommerce.Data", "..\ECommerceData\ECommerce.Data.csproj", "{D362A8D6-4641-4FEB-B2B5-63971EEAD00B}"
EndProject
Project("{FAE04EC0-301F-11D3-BF4B-00C04F79EFBC}") = "ECommerce.Service", "..\ECommerceService\ECommerce.Service.csproj", "{53F5D61F-21D6-44D0-B829-72BCAA04397E}"
EndProject
Global
	GlobalSection(SolutionConfigurationPlatforms) = preSolution
		Debug|Any CPU = Debug|Any CPU
		Release|Any CPU = Release|Any CPU
	EndGlobalSection
	GlobalSection(ProjectConfigurationPlatforms) = postSolution
		{60C11019-D111-49B6-9417-C62FEF0FF37C}.Debug|Any CPU.ActiveCfg = Debug|Any CPU
		{60C11019-D111-49B6-9417-C62FEF0FF37C}.Debug|Any CPU.Build.0 = Debug|Any CPU
		{60C11019-D111-49B6-9417-C62FEF0FF37C}.Release|Any CPU.ActiveCfg = Release|Any CPU
		{60C11019-D111-49B6-9417-C62FEF0FF37C}.Release|Any CPU.Build.0 = Release|Any CPU
		{EDDE935E-E248-4D54-AD01-084116546533}.Debug|Any CPU.ActiveCfg = Debug|Any CPU
		{EDDE935E-E248-4D54-AD01-084116546533}.Debug|Any CPU.Build.0 = Debug|Any CPU
		{EDDE935E-E248-4D54-AD01-084116546533}.Release|Any CPU.ActiveCfg = Release|Any CPU
		{EDDE935E-E248-4D54-AD01-084116546533}.Release|Any CPU.Build.0 = Release|Any CPU
		{D362A8D6-4641-4FEB-B2B5-63971EEAD00B}.Debug|Any CPU.ActiveCfg = Debug|Any CPU
		{D362A8D6-4641-4FEB-B2B5-63971EEAD00B}.Debug|Any CPU.Build.0 = Debug|Any CPU
		{D362A8D6-4641-4FEB-B2B5-63971EEAD00B}.Release|Any CPU.ActiveCfg = Release|Any CPU
		{D362A8D6-4641-4FEB-B2B5-63971EEAD00B}.Release|Any CPU.Build.0 = Release|Any CPU
		{53F5D61F-21D6-44D0-B829-72BCAA04397E}.Debug|Any CPU.ActiveCfg = Debug|Any CPU
		{53F5D61F-21D6-44D0-B829-72BCAA04397E}.Debug|Any CPU.Build.0 = Debug|Any CPU
		{53F5D61F-21D6-44D0-B829-72BCAA04397E}.Release|Any CPU.ActiveCfg = Release|Any CPU
		{53F5D61F-21D6-44D0-B829-72BCAA04397E}.Release|Any CPU.Build.0 = Release|Any CPU
	EndGlobalSection
	GlobalSection(SolutionProperties) = preSolution
		HideSolutionNode = FALSE
	EndGlobalSection
EndGlobal
